
Microsoft Visual Studio Solution File, Format Version 12.00
# Visual Studio Version 17
VisualStudioVersion = 17.8.0.0
MinimumVisualStudioVersion = 17.8.0.0
Project("{9A19103F-16F7-4668-BE54-9A1E7A4F7556}") = "Playground.AppHost", "Shared\Playground.AppHost\Playground.AppHost.csproj", "{B5382D4D-C91B-4D7A-AE95-6019B7EC3530}"
EndProject
Project("{9A19103F-16F7-4668-BE54-9A1E7A4F7556}") = "Playground.ServiceDefaults", "Shared\Playground.ServiceDefaults\Playground.ServiceDefaults.csproj", "{6E4D8AFB-AB26-4C57-889D-0DE8791AD3A9}"
EndProject
Project("{9A19103F-16F7-4668-BE54-9A1E7A4F7556}") = "Playground.Tests", "Web\Playground.Tests\Playground.Tests.csproj", "{12A6B4D7-0097-4C6B-830D-903CC7EACE87}"
EndProject
Project("{9A19103F-16F7-4668-BE54-9A1E7A4F7556}") = "Playground.Web", "Web\Playground.Web\Playground.Web.csproj", "{FA2E640F-B9D5-4E81-8F79-D22FAF4257DD}"
EndProject
Project("{2150E333-8FDC-42A3-9474-1A3956D46DE8}") = "GameCatalog", "GameCatalog", "{D3346C64-DDBE-BA58-396A-76B477F93E71}"
EndProject
Project("{FAE04EC0-301F-11D3-BF4B-00C04F79EFBC}") = "Playground.GameCatalog.Web", "GameCatalog\Playground.GameCatalog.Web\Playground.GameCatalog.Web.csproj", "{DE459B5C-CE87-4C44-82CC-7348D2DFF767}"
EndProject
Project("{FAE04EC0-301F-11D3-BF4B-00C04F79EFBC}") = "Playground.GameCatalog.Api", "GameCatalog\Playground.GameCatalog.Api\Playground.GameCatalog.Api.csproj", "{26E909EF-032F-4437-9594-3C46E9167B68}"
EndProject
Project("{FAE04EC0-301F-11D3-BF4B-00C04F79EFBC}") = "Playground.GameCatalog.Models", "GameCatalog\Playground.GameCatalog.Models\Playground.GameCatalog.Models.csproj", "{9830E33F-D3E4-4CAF-A85B-2ACA54DDDE43}"
EndProject
Project("{2150E333-8FDC-42A3-9474-1A3956D46DE8}") = "Shared", "Shared", "{4F52FD11-658E-A102-6CD3-7D7C16FFA15B}"
EndProject
Project("{FAE04EC0-301F-11D3-BF4B-00C04F79EFBC}") = "Playground.GameCatalog.Migrations", "GameCatalog\Playground.GameCatalog.Migrations\Playground.GameCatalog.Migrations.csproj", "{1BBD332A-AB5B-4F43-9CF2-C0E033F30EC0}"
EndProject
Global
	GlobalSection(SolutionConfigurationPlatforms) = preSolution
		Debug|Any CPU = Debug|Any CPU
		Debug|x64 = Debug|x64
		Debug|x86 = Debug|x86
		Release|Any CPU = Release|Any CPU
		Release|x64 = Release|x64
		Release|x86 = Release|x86
	EndGlobalSection
	GlobalSection(ProjectConfigurationPlatforms) = postSolution
		{B5382D4D-C91B-4D7A-AE95-6019B7EC3530}.Debug|Any CPU.ActiveCfg = Debug|Any CPU
		{B5382D4D-C91B-4D7A-AE95-6019B7EC3530}.Debug|Any CPU.Build.0 = Debug|Any CPU
		{B5382D4D-C91B-4D7A-AE95-6019B7EC3530}.Debug|x64.ActiveCfg = Debug|Any CPU
		{B5382D4D-C91B-4D7A-AE95-6019B7EC3530}.Debug|x64.Build.0 = Debug|Any CPU
		{B5382D4D-C91B-4D7A-AE95-6019B7EC3530}.Debug|x86.ActiveCfg = Debug|Any CPU
		{B5382D4D-C91B-4D7A-AE95-6019B7EC3530}.Debug|x86.Build.0 = Debug|Any CPU
		{B5382D4D-C91B-4D7A-AE95-6019B7EC3530}.Release|Any CPU.ActiveCfg = Release|Any CPU
		{B5382D4D-C91B-4D7A-AE95-6019B7EC3530}.Release|Any CPU.Build.0 = Release|Any CPU
		{B5382D4D-C91B-4D7A-AE95-6019B7EC3530}.Release|x64.ActiveCfg = Release|Any CPU
		{B5382D4D-C91B-4D7A-AE95-6019B7EC3530}.Release|x64.Build.0 = Release|Any CPU
		{B5382D4D-C91B-4D7A-AE95-6019B7EC3530}.Release|x86.ActiveCfg = Release|Any CPU
		{B5382D4D-C91B-4D7A-AE95-6019B7EC3530}.Release|x86.Build.0 = Release|Any CPU
		{6E4D8AFB-AB26-4C57-889D-0DE8791AD3A9}.Debug|Any CPU.ActiveCfg = Debug|Any CPU
		{6E4D8AFB-AB26-4C57-889D-0DE8791AD3A9}.Debug|Any CPU.Build.0 = Debug|Any CPU
		{6E4D8AFB-AB26-4C57-889D-0DE8791AD3A9}.Debug|x64.ActiveCfg = Debug|Any CPU
		{6E4D8AFB-AB26-4C57-889D-0DE8791AD3A9}.Debug|x64.Build.0 = Debug|Any CPU
		{6E4D8AFB-AB26-4C57-889D-0DE8791AD3A9}.Debug|x86.ActiveCfg = Debug|Any CPU
		{6E4D8AFB-AB26-4C57-889D-0DE8791AD3A9}.Debug|x86.Build.0 = Debug|Any CPU
		{6E4D8AFB-AB26-4C57-889D-0DE8791AD3A9}.Release|Any CPU.ActiveCfg = Release|Any CPU
		{6E4D8AFB-AB26-4C57-889D-0DE8791AD3A9}.Release|Any CPU.Build.0 = Release|Any CPU
		{6E4D8AFB-AB26-4C57-889D-0DE8791AD3A9}.Release|x64.ActiveCfg = Release|Any CPU
		{6E4D8AFB-AB26-4C57-889D-0DE8791AD3A9}.Release|x64.Build.0 = Release|Any CPU
		{6E4D8AFB-AB26-4C57-889D-0DE8791AD3A9}.Release|x86.ActiveCfg = Release|Any CPU
		{6E4D8AFB-AB26-4C57-889D-0DE8791AD3A9}.Release|x86.Build.0 = Release|Any CPU
		{12A6B4D7-0097-4C6B-830D-903CC7EACE87}.Debug|Any CPU.ActiveCfg = Debug|Any CPU
		{12A6B4D7-0097-4C6B-830D-903CC7EACE87}.Debug|Any CPU.Build.0 = Debug|Any CPU
		{12A6B4D7-0097-4C6B-830D-903CC7EACE87}.Debug|x64.ActiveCfg = Debug|Any CPU
		{12A6B4D7-0097-4C6B-830D-903CC7EACE87}.Debug|x64.Build.0 = Debug|Any CPU
		{12A6B4D7-0097-4C6B-830D-903CC7EACE87}.Debug|x86.ActiveCfg = Debug|Any CPU
		{12A6B4D7-0097-4C6B-830D-903CC7EACE87}.Debug|x86.Build.0 = Debug|Any CPU
		{12A6B4D7-0097-4C6B-830D-903CC7EACE87}.Release|Any CPU.ActiveCfg = Release|Any CPU
		{12A6B4D7-0097-4C6B-830D-903CC7EACE87}.Release|Any CPU.Build.0 = Release|Any CPU
		{12A6B4D7-0097-4C6B-830D-903CC7EACE87}.Release|x64.ActiveCfg = Release|Any CPU
		{12A6B4D7-0097-4C6B-830D-903CC7EACE87}.Release|x64.Build.0 = Release|Any CPU
		{12A6B4D7-0097-4C6B-830D-903CC7EACE87}.Release|x86.ActiveCfg = Release|Any CPU
		{12A6B4D7-0097-4C6B-830D-903CC7EACE87}.Release|x86.Build.0 = Release|Any CPU
		{FA2E640F-B9D5-4E81-8F79-D22FAF4257DD}.Debug|Any CPU.ActiveCfg = Debug|Any CPU
		{FA2E640F-B9D5-4E81-8F79-D22FAF4257DD}.Debug|Any CPU.Build.0 = Debug|Any CPU
		{FA2E640F-B9D5-4E81-8F79-D22FAF4257DD}.Debug|x64.ActiveCfg = Debug|Any CPU
		{FA2E640F-B9D5-4E81-8F79-D22FAF4257DD}.Debug|x64.Build.0 = Debug|Any CPU
		{FA2E640F-B9D5-4E81-8F79-D22FAF4257DD}.Debug|x86.ActiveCfg = Debug|Any CPU
		{FA2E640F-B9D5-4E81-8F79-D22FAF4257DD}.Debug|x86.Build.0 = Debug|Any CPU
		{FA2E640F-B9D5-4E81-8F79-D22FAF4257DD}.Release|Any CPU.ActiveCfg = Release|Any CPU
		{FA2E640F-B9D5-4E81-8F79-D22FAF4257DD}.Release|Any CPU.Build.0 = Release|Any CPU
		{FA2E640F-B9D5-4E81-8F79-D22FAF4257DD}.Release|x64.ActiveCfg = Release|Any CPU
		{FA2E640F-B9D5-4E81-8F79-D22FAF4257DD}.Release|x64.Build.0 = Release|Any CPU
		{FA2E640F-B9D5-4E81-8F79-D22FAF4257DD}.Release|x86.ActiveCfg = Release|Any CPU
		{FA2E640F-B9D5-4E81-8F79-D22FAF4257DD}.Release|x86.Build.0 = Release|Any CPU
		{DE459B5C-CE87-4C44-82CC-7348D2DFF767}.Debug|Any CPU.ActiveCfg = Debug|Any CPU
		{DE459B5C-CE87-4C44-82CC-7348D2DFF767}.Debug|Any CPU.Build.0 = Debug|Any CPU
		{DE459B5C-CE87-4C44-82CC-7348D2DFF767}.Debug|x64.ActiveCfg = Debug|Any CPU
		{DE459B5C-CE87-4C44-82CC-7348D2DFF767}.Debug|x64.Build.0 = Debug|Any CPU
		{DE459B5C-CE87-4C44-82CC-7348D2DFF767}.Debug|x86.ActiveCfg = Debug|Any CPU
		{DE459B5C-CE87-4C44-82CC-7348D2DFF767}.Debug|x86.Build.0 = Debug|Any CPU
		{DE459B5C-CE87-4C44-82CC-7348D2DFF767}.Release|Any CPU.ActiveCfg = Release|Any CPU
		{DE459B5C-CE87-4C44-82CC-7348D2DFF767}.Release|Any CPU.Build.0 = Release|Any CPU
		{DE459B5C-CE87-4C44-82CC-7348D2DFF767}.Release|x64.ActiveCfg = Release|Any CPU
		{DE459B5C-CE87-4C44-82CC-7348D2DFF767}.Release|x64.Build.0 = Release|Any CPU
		{DE459B5C-CE87-4C44-82CC-7348D2DFF767}.Release|x86.ActiveCfg = Release|Any CPU
		{DE459B5C-CE87-4C44-82CC-7348D2DFF767}.Release|x86.Build.0 = Release|Any CPU
		{26E909EF-032F-4437-9594-3C46E9167B68}.Debug|Any CPU.ActiveCfg = Debug|Any CPU
		{26E909EF-032F-4437-9594-3C46E9167B68}.Debug|Any CPU.Build.0 = Debug|Any CPU
		{26E909EF-032F-4437-9594-3C46E9167B68}.Debug|x64.ActiveCfg = Debug|Any CPU
		{26E909EF-032F-4437-9594-3C46E9167B68}.Debug|x64.Build.0 = Debug|Any CPU
		{26E909EF-032F-4437-9594-3C46E9167B68}.Debug|x86.ActiveCfg = Debug|Any CPU
		{26E909EF-032F-4437-9594-3C46E9167B68}.Debug|x86.Build.0 = Debug|Any CPU
		{26E909EF-032F-4437-9594-3C46E9167B68}.Release|Any CPU.ActiveCfg = Release|Any CPU
		{26E909EF-032F-4437-9594-3C46E9167B68}.Release|Any CPU.Build.0 = Release|Any CPU
		{26E909EF-032F-4437-9594-3C46E9167B68}.Release|x64.ActiveCfg = Release|Any CPU
		{26E909EF-032F-4437-9594-3C46E9167B68}.Release|x64.Build.0 = Release|Any CPU
		{26E909EF-032F-4437-9594-3C46E9167B68}.Release|x86.ActiveCfg = Release|Any CPU
		{26E909EF-032F-4437-9594-3C46E9167B68}.Release|x86.Build.0 = Release|Any CPU
		{9830E33F-D3E4-4CAF-A85B-2ACA54DDDE43}.Debug|Any CPU.ActiveCfg = Debug|Any CPU
		{9830E33F-D3E4-4CAF-A85B-2ACA54DDDE43}.Debug|Any CPU.Build.0 = Debug|Any CPU
		{9830E33F-D3E4-4CAF-A85B-2ACA54DDDE43}.Debug|x64.ActiveCfg = Debug|Any CPU
		{9830E33F-D3E4-4CAF-A85B-2ACA54DDDE43}.Debug|x64.Build.0 = Debug|Any CPU
		{9830E33F-D3E4-4CAF-A85B-2ACA54DDDE43}.Debug|x86.ActiveCfg = Debug|Any CPU
		{9830E33F-D3E4-4CAF-A85B-2ACA54DDDE43}.Debug|x86.Build.0 = Debug|Any CPU
		{9830E33F-D3E4-4CAF-A85B-2ACA54DDDE43}.Release|Any CPU.ActiveCfg = Release|Any CPU
		{9830E33F-D3E4-4CAF-A85B-2ACA54DDDE43}.Release|Any CPU.Build.0 = Release|Any CPU
		{9830E33F-D3E4-4CAF-A85B-2ACA54DDDE43}.Release|x64.ActiveCfg = Release|Any CPU
		{9830E33F-D3E4-4CAF-A85B-2ACA54DDDE43}.Release|x64.Build.0 = Release|Any CPU
		{9830E33F-D3E4-4CAF-A85B-2ACA54DDDE43}.Release|x86.ActiveCfg = Release|Any CPU
		{9830E33F-D3E4-4CAF-A85B-2ACA54DDDE43}.Release|x86.Build.0 = Release|Any CPU
		{1BBD332A-AB5B-4F43-9CF2-C0E033F30EC0}.Debug|Any CPU.ActiveCfg = Debug|Any CPU
		{1BBD332A-AB5B-4F43-9CF2-C0E033F30EC0}.Debug|Any CPU.Build.0 = Debug|Any CPU
		{1BBD332A-AB5B-4F43-9CF2-C0E033F30EC0}.Debug|x64.ActiveCfg = Debug|Any CPU
		{1BBD332A-AB5B-4F43-9CF2-C0E033F30EC0}.Debug|x64.Build.0 = Debug|Any CPU
		{1BBD332A-AB5B-4F43-9CF2-C0E033F30EC0}.Debug|x86.ActiveCfg = Debug|Any CPU
		{1BBD332A-AB5B-4F43-9CF2-C0E033F30EC0}.Debug|x86.Build.0 = Debug|Any CPU
		{1BBD332A-AB5B-4F43-9CF2-C0E033F30EC0}.Release|Any CPU.ActiveCfg = Release|Any CPU
		{1BBD332A-AB5B-4F43-9CF2-C0E033F30EC0}.Release|Any CPU.Build.0 = Release|Any CPU
		{1BBD332A-AB5B-4F43-9CF2-C0E033F30EC0}.Release|x64.ActiveCfg = Release|Any CPU
		{1BBD332A-AB5B-4F43-9CF2-C0E033F30EC0}.Release|x64.Build.0 = Release|Any CPU
		{1BBD332A-AB5B-4F43-9CF2-C0E033F30EC0}.Release|x86.ActiveCfg = Release|Any CPU
		{1BBD332A-AB5B-4F43-9CF2-C0E033F30EC0}.Release|x86.Build.0 = Release|Any CPU
	EndGlobalSection
	GlobalSection(SolutionProperties) = preSolution
		HideSolutionNode = FALSE
	EndGlobalSection
	GlobalSection(NestedProjects) = preSolution
		{DE459B5C-CE87-4C44-82CC-7348D2DFF767} = {D3346C64-DDBE-BA58-396A-76B477F93E71}
		{26E909EF-032F-4437-9594-3C46E9167B68} = {D3346C64-DDBE-BA58-396A-76B477F93E71}
		{9830E33F-D3E4-4CAF-A85B-2ACA54DDDE43} = {D3346C64-DDBE-BA58-396A-76B477F93E71}
		{1BBD332A-AB5B-4F43-9CF2-C0E033F30EC0} = {D3346C64-DDBE-BA58-396A-76B477F93E71}
	EndGlobalSection
	GlobalSection(NestedProjects) = preSolution
		{B5382D4D-C91B-4D7A-AE95-6019B7EC3530} = {4F52FD11-658E-A102-6CD3-7D7C16FFA15B}
		{6E4D8AFB-AB26-4C57-889D-0DE8791AD3A9} = {4F52FD11-658E-A102-6CD3-7D7C16FFA15B}
	EndGlobalSection
	GlobalSection(ExtensibilityGlobals) = postSolution
		SolutionGuid = {641293EB-47AD-4F21-AC93-9C2C4D054553}
	EndGlobalSection
EndGlobal
